
Microsoft Visual Studio Solution File, Format Version 12.00
# Visual Studio Version 17
VisualStudioVersion = 17.0.32014.148
MinimumVisualStudioVersion = 10.0.40219.1
Project("{FAE04EC0-301F-11D3-BF4B-00C04F79EFBC}") = "Sol_ProcesoCRUD", "Sol_ProcesoCRUD\Sol_ProcesoCRUD.csproj", "{21C2B7DD-6974-47F4-820F-48C6A1C2B1B3}"
EndProject
Global
	GlobalSection(SolutionConfigurationPlatforms) = preSolution
		Debug|Any CPU = Debug|Any CPU
		Release|Any CPU = Release|Any CPU
	EndGlobalSection
	GlobalSection(ProjectConfigurationPlatforms) = postSolution
		{21C2B7DD-6974-47F4-820F-48C6A1C2B1B3}.Debug|Any CPU.ActiveCfg = Debug|Any CPU
		{21C2B7DD-6974-47F4-820F-48C6A1C2B1B3}.Debug|Any CPU.Build.0 = Debug|Any CPU
		{21C2B7DD-6974-47F4-820F-48C6A1C2B1B3}.Release|Any CPU.ActiveCfg = Release|Any CPU
		{21C2B7DD-6974-47F4-820F-48C6A1C2B1B3}.Release|Any CPU.Build.0 = Release|Any CPU
	EndGlobalSection
	GlobalSection(SolutionProperties) = preSolution
		HideSolutionNode = FALSE
	EndGlobalSection
	GlobalSection(ExtensibilityGlobals) = postSolution
		SolutionGuid = {CB2AE104-323D-4B23-9690-59C1D980AF07}
	EndGlobalSection
EndGlobal
